
Microsoft Visual Studio Solution File, Format Version 12.00
# Visual Studio 2013
VisualStudioVersion = 12.0.40629.0
MinimumVisualStudioVersion = 10.0.40219.1
Project("{FAE04EC0-301F-11D3-BF4B-00C04F79EFBC}") = "PassionProject", "PassionProject\PassionProject.csproj", "{695DA917-1BE7-4FE7-978B-8D52EF95D149}"
EndProject
Project("{00D1A9C2-B5F0-4AF3-8072-F6C62B433612}") = "TinyData", "TinyData\TinyData.sqlproj", "{3A71E505-7DEE-4DC7-8E81-FA65D276749F}"
EndProject
Global
	GlobalSection(SolutionConfigurationPlatforms) = preSolution
		Debug|Any CPU = Debug|Any CPU
		Release|Any CPU = Release|Any CPU
	EndGlobalSection
	GlobalSection(ProjectConfigurationPlatforms) = postSolution
		{695DA917-1BE7-4FE7-978B-8D52EF95D149}.Debug|Any CPU.ActiveCfg = Debug|Any CPU
		{695DA917-1BE7-4FE7-978B-8D52EF95D149}.Debug|Any CPU.Build.0 = Debug|Any CPU
		{695DA917-1BE7-4FE7-978B-8D52EF95D149}.Release|Any CPU.ActiveCfg = Release|Any CPU
		{695DA917-1BE7-4FE7-978B-8D52EF95D149}.Release|Any CPU.Build.0 = Release|Any CPU
		{3A71E505-7DEE-4DC7-8E81-FA65D276749F}.Debug|Any CPU.ActiveCfg = Debug|Any CPU
		{3A71E505-7DEE-4DC7-8E81-FA65D276749F}.Debug|Any CPU.Build.0 = Debug|Any CPU
		{3A71E505-7DEE-4DC7-8E81-FA65D276749F}.Debug|Any CPU.Deploy.0 = Debug|Any CPU
		{3A71E505-7DEE-4DC7-8E81-FA65D276749F}.Release|Any CPU.ActiveCfg = Release|Any CPU
		{3A71E505-7DEE-4DC7-8E81-FA65D276749F}.Release|Any CPU.Build.0 = Release|Any CPU
		{3A71E505-7DEE-4DC7-8E81-FA65D276749F}.Release|Any CPU.Deploy.0 = Release|Any CPU
	EndGlobalSection
	GlobalSection(SolutionProperties) = preSolution
		HideSolutionNode = FALSE
	EndGlobalSection
EndGlobal
